
Microsoft Visual Studio Solution File, Format Version 12.00
# Visual Studio Version 17
VisualStudioVersion = 17.7.34031.279
MinimumVisualStudioVersion = 10.0.40219.1
Project("{FAE04EC0-301F-11D3-BF4B-00C04F79EFBC}") = "t_t", "t_t\t_t.csproj", "{BFBE6D29-7913-4374-8EEB-9CBAC4B974C4}"
EndProject
Global
	GlobalSection(SolutionConfigurationPlatforms) = preSolution
		Debug|Any CPU = Debug|Any CPU
		Release|Any CPU = Release|Any CPU
	EndGlobalSection
	GlobalSection(ProjectConfigurationPlatforms) = postSolution
		{BFBE6D29-7913-4374-8EEB-9CBAC4B974C4}.Debug|Any CPU.ActiveCfg = Debug|Any CPU
		{BFBE6D29-7913-4374-8EEB-9CBAC4B974C4}.Debug|Any CPU.Build.0 = Debug|Any CPU
		{BFBE6D29-7913-4374-8EEB-9CBAC4B974C4}.Release|Any CPU.ActiveCfg = Release|Any CPU
		{BFBE6D29-7913-4374-8EEB-9CBAC4B974C4}.Release|Any CPU.Build.0 = Release|Any CPU
	EndGlobalSection
	GlobalSection(SolutionProperties) = preSolution
		HideSolutionNode = FALSE
	EndGlobalSection
	GlobalSection(ExtensibilityGlobals) = postSolution
		SolutionGuid = {7E45B5AC-B9CB-4CCB-87C2-2BF9A7A416D0}
	EndGlobalSection
EndGlobal
